<?xml version="1.0" encoding="utf-8"?>
<Project ToolsVersion="4.0" xmlns="http://schemas.microsoft.com/developer/msbuild/2003">
  <ItemGroup>
    <Filter Include="Source Files">
      <UniqueIdentifier>{4FC737F1-C7A5-4376-A066-2A32D752A2FF}</UniqueIdentifier>
      <Extensions>cpp;c;cc;cxx;c++;cppm;ixx;def;odl;idl;hpj;bat;asm;asmx</Extensions>
    </Filter>
    <Filter Include="Header Files">
      <UniqueIdentifier>{93995380-89BD-4b04-88EB-625FBE52EBFB}</UniqueIdentifier>
      <Extensions>h;hh;hpp;hxx;h++;hm;inl;inc;ipp;xsd</Extensions>
    </Filter>
    <Filter Include="Resource Files">
      <UniqueIdentifier>{67DA6AB6-F800-4c08-8B7A-83BB121AAD01}</UniqueIdentifier>
      <Extensions>rc;ico;cur;bmp;dlg;rc2;rct;bin;rgs;gif;jpg;jpeg;jpe;resx;tiff;tif;png;wav;mfcribbon-ms</Extensions>
    </Filter>
    <Filter Include="Header Files\nanovg">
      <UniqueIdentifier>{aabc210c-3463-4ad9-a203-87b3c49b2765}</UniqueIdentifier>
    </Filter>
    <Filter Include="Header Files\glad">
      <UniqueIdentifier>{58d81e39-1679-4bc2-b098-4c02239a3ca3}</UniqueIdentifier>
    </Filter>
    <Filter Include="Source Files\nanovg">
      <UniqueIdentifier>{f0693c49-cd58-4de8-94e9-82a9307250a3}</UniqueIdentifier>
    </Filter>
    <Filter Include="Source Files\glad">
      <UniqueIdentifier>{50197a55-54d8-43da-8074-877da5cdc398}</UniqueIdentifier>
    </Filter>
    <Filter Include="Header Files\gui">
      <UniqueIdentifier>{999e0a67-be59-4cea-927a-57f2b1447c90}</UniqueIdentifier>
    </Filter>
    <Filter Include="Source Files\gui">
      <UniqueIdentifier>{e10ce125-2ebc-461b-9f4f-af77b3ef6a8f}</UniqueIdentifier>
    </Filter>
    <Filter Include="Header Files\gui\controls">
      <UniqueIdentifier>{95f9bde8-40ca-4b4d-ad77-b99e3ce3630d}</UniqueIdentifier>
    </Filter>
    <Filter Include="Source Files\gui\controls">
      <UniqueIdentifier>{8f8ec9f8-6f51-459d-ac59-4edb283fb934}</UniqueIdentifier>
    </Filter>
    <Filter Include="Header Files\gfx">
      <UniqueIdentifier>{3f9ad043-f38d-4b29-ac17-82f17ccf1db3}</UniqueIdentifier>
    </Filter>
    <Filter Include="Source Files\gfx">
      <UniqueIdentifier>{3cd00e5f-ae87-4e71-b86b-544e90edbd73}</UniqueIdentifier>
    </Filter>
    <Filter Include="Header Files\tools">
      <UniqueIdentifier>{0affb3ea-463e-45bf-aa61-51c0d2520e06}</UniqueIdentifier>
    </Filter>
  </ItemGroup>
  <ItemGroup>
    <ClCompile Include="main.cpp">
      <Filter>Source Files</Filter>
    </ClCompile>
    <ClCompile Include="Window.cpp">
      <Filter>Source Files</Filter>
    </ClCompile>
    <ClCompile Include="Application.cpp">
      <Filter>Source Files</Filter>
    </ClCompile>
    <ClCompile Include="nanovg\nanovg.c">
      <Filter>Source Files\nanovg</Filter>
    </ClCompile>
    <ClCompile Include="glad\glad_wgl.c">
      <Filter>Source Files\glad</Filter>
    </ClCompile>
    <ClCompile Include="glad\glad.c">
      <Filter>Source Files\glad</Filter>
    </ClCompile>
    <ClCompile Include="EventSystem.cpp">
      <Filter>Source Files\gui</Filter>
    </ClCompile>
    <ClCompile Include="Control.cpp">
      <Filter>Source Files\gui</Filter>
    </ClCompile>
    <ClCompile Include="GUISystem.cpp">
      <Filter>Source Files\gui</Filter>
    </ClCompile>
    <ClCompile Include="Label.cpp">
      <Filter>Source Files\gui\controls</Filter>
    </ClCompile>
    <ClCompile Include="Animator.cpp">
      <Filter>Source Files</Filter>
    </ClCompile>
    <ClCompile Include="Button.cpp">
      <Filter>Source Files\gui\controls</Filter>
    </ClCompile>
    <ClCompile Include="Slider.cpp">
      <Filter>Source Files\gui\controls</Filter>
    </ClCompile>
    <ClCompile Include="Knob.cpp">
      <Filter>Source Files\gui\controls</Filter>
    </ClCompile>
    <ClCompile Include="CheckBox.cpp">
      <Filter>Source Files\gui\controls</Filter>
    </ClCompile>
    <ClCompile Include="RadioSelector.cpp">
      <Filter>Source Files\gui\controls</Filter>
    </ClCompile>
    <ClCompile Include="Panel.cpp">
      <Filter>Source Files\gui\controls</Filter>
    </ClCompile>
    <ClCompile Include="NodeEditor.cpp">
      <Filter>Source Files\gui\controls</Filter>
    </ClCompile>
    <ClCompile Include="NodeGraph.cpp">
      <Filter>Source Files</Filter>
    </ClCompile>
    <ClCompile Include="Texture.cpp">
      <Filter>Source Files\gfx</Filter>
    </ClCompile>
    <ClCompile Include="Shader.cpp">
      <Filter>Source Files\gfx</Filter>
    </ClCompile>
    <ClCompile Include="GraphicsNode.cpp">
      <Filter>Source Files</Filter>
    </ClCompile>
    <ClCompile Include="TextureNodeRegistry.cpp">
      <Filter>Source Files</Filter>
    </ClCompile>
    <ClCompile Include="ShaderGen.cpp">
      <Filter>Source Files</Filter>
    </ClCompile>
    <ClCompile Include="Edit.cpp">
      <Filter>Source Files\gui\controls</Filter>
    </ClCompile>
    <ClCompile Include="TextureView.cpp">
      <Filter>Source Files\gui\controls</Filter>
    </ClCompile>
    <ClCompile Include="ScrollBar.cpp">
      <Filter>Source Files\gui\controls</Filter>
    </ClCompile>
    <ClCompile Include="ColorWheel.cpp">
      <Filter>Source Files\gui\controls</Filter>
    </ClCompile>
  </ItemGroup>
  <ItemGroup>
    <ClInclude Include="Window.h">
      <Filter>Header Files</Filter>
    </ClInclude>
    <ClInclude Include="Application.h">
      <Filter>Header Files</Filter>
    </ClInclude>
    <ClInclude Include="nanovg\fontstash.h">
      <Filter>Header Files\nanovg</Filter>
    </ClInclude>
    <ClInclude Include="nanovg\nanovg.h">
      <Filter>Header Files\nanovg</Filter>
    </ClInclude>
    <ClInclude Include="nanovg\nanovg_gl.h">
      <Filter>Header Files\nanovg</Filter>
    </ClInclude>
    <ClInclude Include="nanovg\nanovg_gl_utils.h">
      <Filter>Header Files\nanovg</Filter>
    </ClInclude>
    <ClInclude Include="nanovg\stb_image.h">
      <Filter>Header Files\nanovg</Filter>
    </ClInclude>
    <ClInclude Include="nanovg\stb_truetype.h">
      <Filter>Header Files\nanovg</Filter>
    </ClInclude>
    <ClInclude Include="glad\glad_wgl.h">
      <Filter>Header Files\glad</Filter>
    </ClInclude>
    <ClInclude Include="glad\glad.h">
      <Filter>Header Files\glad</Filter>
    </ClInclude>
    <ClInclude Include="glad\khrplatform.h">
      <Filter>Header Files\glad</Filter>
    </ClInclude>
    <ClInclude Include="EventSystem.h">
      <Filter>Header Files\gui</Filter>
    </ClInclude>
    <ClInclude Include="Control.h">
      <Filter>Header Files\gui</Filter>
    </ClInclude>
    <ClInclude Include="GUISystem.h">
      <Filter>Header Files\gui</Filter>
    </ClInclude>
    <ClInclude Include="Label.h">
      <Filter>Header Files\gui\controls</Filter>
    </ClInclude>
    <ClInclude Include="Animator.h">
      <Filter>Header Files</Filter>
    </ClInclude>
    <ClInclude Include="Button.h">
      <Filter>Header Files\gui\controls</Filter>
    </ClInclude>
    <ClInclude Include="Slider.h">
      <Filter>Header Files\gui\controls</Filter>
    </ClInclude>
    <ClInclude Include="Knob.h">
      <Filter>Header Files\gui\controls</Filter>
    </ClInclude>
    <ClInclude Include="CheckBox.h">
      <Filter>Header Files\gui\controls</Filter>
    </ClInclude>
    <ClInclude Include="RadioSelector.h">
      <Filter>Header Files\gui\controls</Filter>
    </ClInclude>
    <ClInclude Include="Panel.h">
      <Filter>Header Files\gui\controls</Filter>
    </ClInclude>
    <ClInclude Include="NodeEditor.h">
      <Filter>Header Files\gui\controls</Filter>
    </ClInclude>
    <ClInclude Include="NodeGraph.h">
      <Filter>Header Files</Filter>
    </ClInclude>
    <ClInclude Include="Texture.h">
      <Filter>Header Files\gfx</Filter>
    </ClInclude>
    <ClInclude Include="Shader.h">
      <Filter>Header Files\gfx</Filter>
    </ClInclude>
    <ClInclude Include="GraphicsNode.h">
      <Filter>Header Files</Filter>
    </ClInclude>
    <ClInclude Include="TextureNodes.hpp">
      <Filter>Header Files</Filter>
    </ClInclude>
    <ClInclude Include="TextureNodeRegistry.h">
      <Filter>Header Files</Filter>
    </ClInclude>
    <ClInclude Include="portable-file-dialogs.h">
      <Filter>Header Files</Filter>
    </ClInclude>
    <ClInclude Include="ShaderGen.h">
      <Filter>Header Files</Filter>
    </ClInclude>
    <ClInclude Include="TextureNodeGraph.hpp">
      <Filter>Header Files</Filter>
    </ClInclude>
    <ClInclude Include="renderdoc_app.h">
      <Filter>Header Files</Filter>
    </ClInclude>
    <ClInclude Include="olcUTIL_DataFile.h">
      <Filter>Header Files</Filter>
    </ClInclude>
    <ClInclude Include="Edit.h">
      <Filter>Header Files\gui\controls</Filter>
    </ClInclude>
    <ClInclude Include="TextureView.h">
      <Filter>Header Files\gui\controls</Filter>
    </ClInclude>
    <ClInclude Include="ScrollBar.h">
      <Filter>Header Files\gui\controls</Filter>
    </ClInclude>
    <ClInclude Include="WebCam.hpp">
      <Filter>Header Files\tools</Filter>
    </ClInclude>
    <ClInclude Include="ColorWheel.h">
      <Filter>Header Files\gui\controls</Filter>
    </ClInclude>
  </ItemGroup>
</Project>